# ray.lock — locked versions and hashes of the dependencies (generated by 'ray').
# Committed to the repository. Do not edit by hand.

[db]
url = "https://github.com/ray-language/db"
ref = "v0.1.0"
commit = "fd5dcb627c3b791adfa2d2cc02647f70ba5e3949"
hash = "sha256:c27f5bd5cbb2f811112e164dd6113938cece2d89f85ec0b60addce114b831b37"

[net]
url = "https://github.com/ray-language/net"
ref = "v0.3.5"
commit = "f531ec16365f52604173a8f65bb74d371085750f"
hash = "sha256:4c240e2ce0d10daad18efde57670c62fab5e28b50bc8265fd1c76e6afb80f776"

[web]
url = "https://github.com/ray-language/web"
ref = "v0.4.4"
commit = "cf55a1538e4df011de4b727ea94fb485596882eb"
hash = "sha256:84b4158902b7c966e3ed31498242e81b05b9464f71129e0e9d65eab2936ac142"
