# ray.lock — locked versions and hashes of the dependencies (generated by 'ray').
# Committed to the repository. Do not edit by hand.

[db]
url = "https://github.com/ray-language/db"
ref = "v0.1.0"
commit = "fd5dcb627c3b791adfa2d2cc02647f70ba5e3949"
hash = "sha256:c27f5bd5cbb2f811112e164dd6113938cece2d89f85ec0b60addce114b831b37"

[net]
url = "https://github.com/ray-language/net"
ref = "v0.1.0"
commit = "e3164a306361bef523f0c391492bd3e7979d0e25"
hash = "sha256:e477d3484b406f8fa9338e1b75cd2b79e3c31afab319f0577b6b36c796924bce"

[web]
url = "https://github.com/ray-language/web"
ref = "v0.1.0"
commit = "6baef7ba04c7c96ee268e85c205cd9df59f72fe2"
hash = "sha256:60ad7cfe9ba1cc8cf288f2fbf90580311ff7f8410df64d78e807e58821e37afb"
