# ray.lock — locked versions and hashes of the dependencies (generated by 'ray').
# Committed to the repository. Do not edit by hand.

[db]
url = "https://github.com/ray-language/db"
ref = "v0.1.2"
commit = "262b35ca6f78a778ad5aa6c8bd700f38e663e3c1"
hash = "sha256:5b332c419f0157477256d88c6966c35559525c8e1b8fbb2bf413c28618a29ba0"

[net]
url = "https://github.com/ray-language/net"
ref = "v0.3.7"
commit = "12322b84081c3c47b92ca40a8f50bf97d84cf2e1"
hash = "sha256:2e153df8f3b905a1d67d98a9d00377da81e0ad4b914ead7b21ff9728f7801958"

[web]
url = "https://github.com/ray-language/web"
ref = "v0.4.5"
commit = "d759ba2db06f96f5c95e3f4c77ec2e605415c949"
hash = "sha256:c548fe1048d06a2d5041e32053cbe3a8437ac2dd87c55599f37594b21a42c084"
